
Microsoft Visual Studio Solution File, Format Version 12.00
# Visual Studio Version 16
VisualStudioVersion = 16.0.30907.101
MinimumVisualStudioVersion = 10.0.40219.1
Project("{FAE04EC0-301F-11D3-BF4B-00C04F79EFBC}") = "SF_15.6_Task1", "SF_15.6_Task1\SF_15.6_Task1.csproj", "{1154E640-46B9-4751-95F6-5207EB9B6934}"
EndProject
Global
	GlobalSection(SolutionConfigurationPlatforms) = preSolution
		Debug|Any CPU = Debug|Any CPU
		Release|Any CPU = Release|Any CPU
	EndGlobalSection
	GlobalSection(ProjectConfigurationPlatforms) = postSolution
		{1154E640-46B9-4751-95F6-5207EB9B6934}.Debug|Any CPU.ActiveCfg = Debug|Any CPU
		{1154E640-46B9-4751-95F6-5207EB9B6934}.Debug|Any CPU.Build.0 = Debug|Any CPU
		{1154E640-46B9-4751-95F6-5207EB9B6934}.Release|Any CPU.ActiveCfg = Release|Any CPU
		{1154E640-46B9-4751-95F6-5207EB9B6934}.Release|Any CPU.Build.0 = Release|Any CPU
	EndGlobalSection
	GlobalSection(SolutionProperties) = preSolution
		HideSolutionNode = FALSE
	EndGlobalSection
	GlobalSection(ExtensibilityGlobals) = postSolution
		SolutionGuid = {29798B5B-9C6A-4B6B-8E5F-C061EF536BEC}
	EndGlobalSection
EndGlobal
